
Microsoft Visual Studio Solution File, Format Version 12.00
# Visual Studio 2013
VisualStudioVersion = 12.0.30501.0
MinimumVisualStudioVersion = 10.0.40219.1
Project("{FAE04EC0-301F-11D3-BF4B-00C04F79EFBC}") = "MyPortableTest", "MyPortableTest\MyPortableTest\MyPortableTest.csproj", "{7D2028DE-D073-4BCD-A609-AB94F490F52E}"
EndProject
Project("{FAE04EC0-301F-11D3-BF4B-00C04F79EFBC}") = "MyPortableTest.iOS", "MyPortableTest\MyPortableTest.iOS\MyPortableTest.iOS.csproj", "{D4EC8A31-0A8E-4DE5-BE8C-71C47D73853E}"
EndProject
Project("{FAE04EC0-301F-11D3-BF4B-00C04F79EFBC}") = "MyPortableTest.Android", "MyPortableTest\MyPortableTest.Android\MyPortableTest.Android.csproj", "{D66172FA-E844-4AD3-9087-61FC67F84C2B}"
EndProject
Project("{FAE04EC0-301F-11D3-BF4B-00C04F79EFBC}") = "MyPortableTest.WinPhone", "MyPortableTest\MyPortableTest.WinPhone\MyPortableTest.WinPhone.csproj", "{B936E1DE-5C52-42BE-8E09-416B7D762E7B}"
EndProject
Project("{2150E333-8FDC-42A3-9474-1A3956D46DE8}") = ".nuget", ".nuget", "{279F01AC-97D3-43BD-9172-06498672EF1E}"
	ProjectSection(SolutionItems) = preProject
		.nuget\NuGet.Config = .nuget\NuGet.Config
		.nuget\NuGet.exe = .nuget\NuGet.exe
		.nuget\NuGet.targets = .nuget\NuGet.targets
	EndProjectSection
EndProject
Global
	GlobalSection(SolutionConfigurationPlatforms) = preSolution
		Ad-Hoc|Any CPU = Ad-Hoc|Any CPU
		Ad-Hoc|ARM = Ad-Hoc|ARM
		Ad-Hoc|iPhone = Ad-Hoc|iPhone
		Ad-Hoc|iPhoneSimulator = Ad-Hoc|iPhoneSimulator
		Ad-Hoc|Mixed Platforms = Ad-Hoc|Mixed Platforms
		Ad-Hoc|x86 = Ad-Hoc|x86
		AppStore|Any CPU = AppStore|Any CPU
		AppStore|ARM = AppStore|ARM
		AppStore|iPhone = AppStore|iPhone
		AppStore|iPhoneSimulator = AppStore|iPhoneSimulator
		AppStore|Mixed Platforms = AppStore|Mixed Platforms
		AppStore|x86 = AppStore|x86
		Debug|Any CPU = Debug|Any CPU
		Debug|ARM = Debug|ARM
		Debug|iPhone = Debug|iPhone
		Debug|iPhoneSimulator = Debug|iPhoneSimulator
		Debug|Mixed Platforms = Debug|Mixed Platforms
		Debug|x86 = Debug|x86
		Release|Any CPU = Release|Any CPU
		Release|ARM = Release|ARM
		Release|iPhone = Release|iPhone
		Release|iPhoneSimulator = Release|iPhoneSimulator
		Release|Mixed Platforms = Release|Mixed Platforms
		Release|x86 = Release|x86
	EndGlobalSection
	GlobalSection(ProjectConfigurationPlatforms) = postSolution
		{7D2028DE-D073-4BCD-A609-AB94F490F52E}.Ad-Hoc|Any CPU.ActiveCfg = Release|Any CPU
		{7D2028DE-D073-4BCD-A609-AB94F490F52E}.Ad-Hoc|Any CPU.Build.0 = Release|Any CPU
		{7D2028DE-D073-4BCD-A609-AB94F490F52E}.Ad-Hoc|ARM.ActiveCfg = Release|Any CPU
		{7D2028DE-D073-4BCD-A609-AB94F490F52E}.Ad-Hoc|iPhone.ActiveCfg = Release|Any CPU
		{7D2028DE-D073-4BCD-A609-AB94F490F52E}.Ad-Hoc|iPhoneSimulator.ActiveCfg = Release|Any CPU
		{7D2028DE-D073-4BCD-A609-AB94F490F52E}.Ad-Hoc|Mixed Platforms.ActiveCfg = Release|Any CPU
		{7D2028DE-D073-4BCD-A609-AB94F490F52E}.Ad-Hoc|Mixed Platforms.Build.0 = Release|Any CPU
		{7D2028DE-D073-4BCD-A609-AB94F490F52E}.Ad-Hoc|x86.ActiveCfg = Release|Any CPU
		{7D2028DE-D073-4BCD-A609-AB94F490F52E}.AppStore|Any CPU.ActiveCfg = Release|Any CPU
		{7D2028DE-D073-4BCD-A609-AB94F490F52E}.AppStore|Any CPU.Build.0 = Release|Any CPU
		{7D2028DE-D073-4BCD-A609-AB94F490F52E}.AppStore|ARM.ActiveCfg = Release|Any CPU
		{7D2028DE-D073-4BCD-A609-AB94F490F52E}.AppStore|iPhone.ActiveCfg = Release|Any CPU
		{7D2028DE-D073-4BCD-A609-AB94F490F52E}.AppStore|iPhoneSimulator.ActiveCfg = Release|Any CPU
		{7D2028DE-D073-4BCD-A609-AB94F490F52E}.AppStore|Mixed Platforms.ActiveCfg = Release|Any CPU
		{7D2028DE-D073-4BCD-A609-AB94F490F52E}.AppStore|Mixed Platforms.Build.0 = Release|Any CPU
		{7D2028DE-D073-4BCD-A609-AB94F490F52E}.AppStore|x86.ActiveCfg = Release|Any CPU
		{7D2028DE-D073-4BCD-A609-AB94F490F52E}.Debug|Any CPU.ActiveCfg = Debug|Any CPU
		{7D2028DE-D073-4BCD-A609-AB94F490F52E}.Debug|Any CPU.Build.0 = Debug|Any CPU
		{7D2028DE-D073-4BCD-A609-AB94F490F52E}.Debug|ARM.ActiveCfg = Debug|Any CPU
		{7D2028DE-D073-4BCD-A609-AB94F490F52E}.Debug|iPhone.ActiveCfg = Debug|Any CPU
		{7D2028DE-D073-4BCD-A609-AB94F490F52E}.Debug|iPhoneSimulator.ActiveCfg = Debug|Any CPU
		{7D2028DE-D073-4BCD-A609-AB94F490F52E}.Debug|Mixed Platforms.ActiveCfg = Debug|Any CPU
		{7D2028DE-D073-4BCD-A609-AB94F490F52E}.Debug|Mixed Platforms.Build.0 = Debug|Any CPU
		{7D2028DE-D073-4BCD-A609-AB94F490F52E}.Debug|x86.ActiveCfg = Debug|Any CPU
		{7D2028DE-D073-4BCD-A609-AB94F490F52E}.Release|Any CPU.ActiveCfg = Release|Any CPU
		{7D2028DE-D073-4BCD-A609-AB94F490F52E}.Release|Any CPU.Build.0 = Release|Any CPU
		{7D2028DE-D073-4BCD-A609-AB94F490F52E}.Release|ARM.ActiveCfg = Release|Any CPU
		{7D2028DE-D073-4BCD-A609-AB94F490F52E}.Release|iPhone.ActiveCfg = Release|Any CPU
		{7D2028DE-D073-4BCD-A609-AB94F490F52E}.Release|iPhoneSimulator.ActiveCfg = Release|Any CPU
		{7D2028DE-D073-4BCD-A609-AB94F490F52E}.Release|Mixed Platforms.ActiveCfg = Release|Any CPU
		{7D2028DE-D073-4BCD-A609-AB94F490F52E}.Release|Mixed Platforms.Build.0 = Release|Any CPU
		{7D2028DE-D073-4BCD-A609-AB94F490F52E}.Release|x86.ActiveCfg = Release|Any CPU
		{D4EC8A31-0A8E-4DE5-BE8C-71C47D73853E}.Ad-Hoc|Any CPU.ActiveCfg = Ad-Hoc|iPhone
		{D4EC8A31-0A8E-4DE5-BE8C-71C47D73853E}.Ad-Hoc|ARM.ActiveCfg = Ad-Hoc|iPhone
		{D4EC8A31-0A8E-4DE5-BE8C-71C47D73853E}.Ad-Hoc|iPhone.ActiveCfg = Ad-Hoc|iPhone
		{D4EC8A31-0A8E-4DE5-BE8C-71C47D73853E}.Ad-Hoc|iPhone.Build.0 = Ad-Hoc|iPhone
		{D4EC8A31-0A8E-4DE5-BE8C-71C47D73853E}.Ad-Hoc|iPhone.Deploy.0 = Ad-Hoc|iPhone
		{D4EC8A31-0A8E-4DE5-BE8C-71C47D73853E}.Ad-Hoc|iPhoneSimulator.ActiveCfg = Ad-Hoc|iPhoneSimulator
		{D4EC8A31-0A8E-4DE5-BE8C-71C47D73853E}.Ad-Hoc|iPhoneSimulator.Build.0 = Ad-Hoc|iPhoneSimulator
		{D4EC8A31-0A8E-4DE5-BE8C-71C47D73853E}.Ad-Hoc|iPhoneSimulator.Deploy.0 = Ad-Hoc|iPhoneSimulator
		{D4EC8A31-0A8E-4DE5-BE8C-71C47D73853E}.Ad-Hoc|Mixed Platforms.ActiveCfg = Ad-Hoc|iPhone
		{D4EC8A31-0A8E-4DE5-BE8C-71C47D73853E}.Ad-Hoc|Mixed Platforms.Build.0 = Ad-Hoc|iPhone
		{D4EC8A31-0A8E-4DE5-BE8C-71C47D73853E}.Ad-Hoc|Mixed Platforms.Deploy.0 = Ad-Hoc|iPhone
		{D4EC8A31-0A8E-4DE5-BE8C-71C47D73853E}.Ad-Hoc|x86.ActiveCfg = Ad-Hoc|iPhone
		{D4EC8A31-0A8E-4DE5-BE8C-71C47D73853E}.AppStore|Any CPU.ActiveCfg = AppStore|iPhone
		{D4EC8A31-0A8E-4DE5-BE8C-71C47D73853E}.AppStore|ARM.ActiveCfg = AppStore|iPhone
		{D4EC8A31-0A8E-4DE5-BE8C-71C47D73853E}.AppStore|iPhone.ActiveCfg = AppStore|iPhone
		{D4EC8A31-0A8E-4DE5-BE8C-71C47D73853E}.AppStore|iPhone.Build.0 = AppStore|iPhone
		{D4EC8A31-0A8E-4DE5-BE8C-71C47D73853E}.AppStore|iPhone.Deploy.0 = AppStore|iPhone
		{D4EC8A31-0A8E-4DE5-BE8C-71C47D73853E}.AppStore|iPhoneSimulator.ActiveCfg = AppStore|iPhoneSimulator
		{D4EC8A31-0A8E-4DE5-BE8C-71C47D73853E}.AppStore|iPhoneSimulator.Build.0 = AppStore|iPhoneSimulator
		{D4EC8A31-0A8E-4DE5-BE8C-71C47D73853E}.AppStore|iPhoneSimulator.Deploy.0 = AppStore|iPhoneSimulator
		{D4EC8A31-0A8E-4DE5-BE8C-71C47D73853E}.AppStore|Mixed Platforms.ActiveCfg = AppStore|iPhone
		{D4EC8A31-0A8E-4DE5-BE8C-71C47D73853E}.AppStore|Mixed Platforms.Build.0 = AppStore|iPhone
		{D4EC8A31-0A8E-4DE5-BE8C-71C47D73853E}.AppStore|Mixed Platforms.Deploy.0 = AppStore|iPhone
		{D4EC8A31-0A8E-4DE5-BE8C-71C47D73853E}.AppStore|x86.ActiveCfg = AppStore|iPhone
		{D4EC8A31-0A8E-4DE5-BE8C-71C47D73853E}.Debug|Any CPU.ActiveCfg = Debug|iPhone
		{D4EC8A31-0A8E-4DE5-BE8C-71C47D73853E}.Debug|ARM.ActiveCfg = Debug|iPhone
		{D4EC8A31-0A8E-4DE5-BE8C-71C47D73853E}.Debug|iPhone.ActiveCfg = Debug|iPhone
		{D4EC8A31-0A8E-4DE5-BE8C-71C47D73853E}.Debug|iPhone.Build.0 = Debug|iPhone
		{D4EC8A31-0A8E-4DE5-BE8C-71C47D73853E}.Debug|iPhone.Deploy.0 = Debug|iPhone
		{D4EC8A31-0A8E-4DE5-BE8C-71C47D73853E}.Debug|iPhoneSimulator.ActiveCfg = Debug|iPhoneSimulator
		{D4EC8A31-0A8E-4DE5-BE8C-71C47D73853E}.Debug|iPhoneSimulator.Build.0 = Debug|iPhoneSimulator
		{D4EC8A31-0A8E-4DE5-BE8C-71C47D73853E}.Debug|iPhoneSimulator.Deploy.0 = Debug|iPhoneSimulator
		{D4EC8A31-0A8E-4DE5-BE8C-71C47D73853E}.Debug|Mixed Platforms.ActiveCfg = Debug|iPhone
		{D4EC8A31-0A8E-4DE5-BE8C-71C47D73853E}.Debug|Mixed Platforms.Build.0 = Debug|iPhone
		{D4EC8A31-0A8E-4DE5-BE8C-71C47D73853E}.Debug|Mixed Platforms.Deploy.0 = Debug|iPhone
		{D4EC8A31-0A8E-4DE5-BE8C-71C47D73853E}.Debug|x86.ActiveCfg = Debug|iPhone
		{D4EC8A31-0A8E-4DE5-BE8C-71C47D73853E}.Release|Any CPU.ActiveCfg = Release|iPhone
		{D4EC8A31-0A8E-4DE5-BE8C-71C47D73853E}.Release|ARM.ActiveCfg = Release|iPhone
		{D4EC8A31-0A8E-4DE5-BE8C-71C47D73853E}.Release|iPhone.ActiveCfg = Release|iPhone
		{D4EC8A31-0A8E-4DE5-BE8C-71C47D73853E}.Release|iPhone.Build.0 = Release|iPhone
		{D4EC8A31-0A8E-4DE5-BE8C-71C47D73853E}.Release|iPhone.Deploy.0 = Release|iPhone
		{D4EC8A31-0A8E-4DE5-BE8C-71C47D73853E}.Release|iPhoneSimulator.ActiveCfg = Release|iPhoneSimulator
		{D4EC8A31-0A8E-4DE5-BE8C-71C47D73853E}.Release|iPhoneSimulator.Build.0 = Release|iPhoneSimulator
		{D4EC8A31-0A8E-4DE5-BE8C-71C47D73853E}.Release|iPhoneSimulator.Deploy.0 = Release|iPhoneSimulator
		{D4EC8A31-0A8E-4DE5-BE8C-71C47D73853E}.Release|Mixed Platforms.ActiveCfg = Release|iPhone
		{D4EC8A31-0A8E-4DE5-BE8C-71C47D73853E}.Release|Mixed Platforms.Build.0 = Release|iPhone
		{D4EC8A31-0A8E-4DE5-BE8C-71C47D73853E}.Release|Mixed Platforms.Deploy.0 = Release|iPhone
		{D4EC8A31-0A8E-4DE5-BE8C-71C47D73853E}.Release|x86.ActiveCfg = Release|iPhone
		{D66172FA-E844-4AD3-9087-61FC67F84C2B}.Ad-Hoc|Any CPU.ActiveCfg = Release|Any CPU
		{D66172FA-E844-4AD3-9087-61FC67F84C2B}.Ad-Hoc|Any CPU.Build.0 = Release|Any CPU
		{D66172FA-E844-4AD3-9087-61FC67F84C2B}.Ad-Hoc|Any CPU.Deploy.0 = Release|Any CPU
		{D66172FA-E844-4AD3-9087-61FC67F84C2B}.Ad-Hoc|ARM.ActiveCfg = Release|Any CPU
		{D66172FA-E844-4AD3-9087-61FC67F84C2B}.Ad-Hoc|iPhone.ActiveCfg = Release|Any CPU
		{D66172FA-E844-4AD3-9087-61FC67F84C2B}.Ad-Hoc|iPhoneSimulator.ActiveCfg = Release|Any CPU
		{D66172FA-E844-4AD3-9087-61FC67F84C2B}.Ad-Hoc|Mixed Platforms.ActiveCfg = Release|Any CPU
		{D66172FA-E844-4AD3-9087-61FC67F84C2B}.Ad-Hoc|Mixed Platforms.Build.0 = Release|Any CPU
		{D66172FA-E844-4AD3-9087-61FC67F84C2B}.Ad-Hoc|Mixed Platforms.Deploy.0 = Release|Any CPU
		{D66172FA-E844-4AD3-9087-61FC67F84C2B}.Ad-Hoc|x86.ActiveCfg = Release|Any CPU
		{D66172FA-E844-4AD3-9087-61FC67F84C2B}.AppStore|Any CPU.ActiveCfg = Release|Any CPU
		{D66172FA-E844-4AD3-9087-61FC67F84C2B}.AppStore|Any CPU.Build.0 = Release|Any CPU
		{D66172FA-E844-4AD3-9087-61FC67F84C2B}.AppStore|Any CPU.Deploy.0 = Release|Any CPU
		{D66172FA-E844-4AD3-9087-61FC67F84C2B}.AppStore|ARM.ActiveCfg = Release|Any CPU
		{D66172FA-E844-4AD3-9087-61FC67F84C2B}.AppStore|iPhone.ActiveCfg = Release|Any CPU
		{D66172FA-E844-4AD3-9087-61FC67F84C2B}.AppStore|iPhoneSimulator.ActiveCfg = Release|Any CPU
		{D66172FA-E844-4AD3-9087-61FC67F84C2B}.AppStore|Mixed Platforms.ActiveCfg = Release|Any CPU
		{D66172FA-E844-4AD3-9087-61FC67F84C2B}.AppStore|Mixed Platforms.Build.0 = Release|Any CPU
		{D66172FA-E844-4AD3-9087-61FC67F84C2B}.AppStore|Mixed Platforms.Deploy.0 = Release|Any CPU
		{D66172FA-E844-4AD3-9087-61FC67F84C2B}.AppStore|x86.ActiveCfg = Release|Any CPU
		{D66172FA-E844-4AD3-9087-61FC67F84C2B}.Debug|Any CPU.ActiveCfg = Debug|Any CPU
		{D66172FA-E844-4AD3-9087-61FC67F84C2B}.Debug|Any CPU.Build.0 = Debug|Any CPU
		{D66172FA-E844-4AD3-9087-61FC67F84C2B}.Debug|Any CPU.Deploy.0 = Debug|Any CPU
		{D66172FA-E844-4AD3-9087-61FC67F84C2B}.Debug|ARM.ActiveCfg = Debug|Any CPU
		{D66172FA-E844-4AD3-9087-61FC67F84C2B}.Debug|iPhone.ActiveCfg = Debug|Any CPU
		{D66172FA-E844-4AD3-9087-61FC67F84C2B}.Debug|iPhoneSimulator.ActiveCfg = Debug|Any CPU
		{D66172FA-E844-4AD3-9087-61FC67F84C2B}.Debug|Mixed Platforms.ActiveCfg = Debug|Any CPU
		{D66172FA-E844-4AD3-9087-61FC67F84C2B}.Debug|Mixed Platforms.Build.0 = Debug|Any CPU
		{D66172FA-E844-4AD3-9087-61FC67F84C2B}.Debug|Mixed Platforms.Deploy.0 = Debug|Any CPU
		{D66172FA-E844-4AD3-9087-61FC67F84C2B}.Debug|x86.ActiveCfg = Debug|Any CPU
		{D66172FA-E844-4AD3-9087-61FC67F84C2B}.Release|Any CPU.ActiveCfg = Release|Any CPU
		{D66172FA-E844-4AD3-9087-61FC67F84C2B}.Release|Any CPU.Build.0 = Release|Any CPU
		{D66172FA-E844-4AD3-9087-61FC67F84C2B}.Release|Any CPU.Deploy.0 = Release|Any CPU
		{D66172FA-E844-4AD3-9087-61FC67F84C2B}.Release|ARM.ActiveCfg = Release|Any CPU
		{D66172FA-E844-4AD3-9087-61FC67F84C2B}.Release|iPhone.ActiveCfg = Release|Any CPU
		{D66172FA-E844-4AD3-9087-61FC67F84C2B}.Release|iPhoneSimulator.ActiveCfg = Release|Any CPU
		{D66172FA-E844-4AD3-9087-61FC67F84C2B}.Release|Mixed Platforms.ActiveCfg = Release|Any CPU
		{D66172FA-E844-4AD3-9087-61FC67F84C2B}.Release|Mixed Platforms.Build.0 = Release|Any CPU
		{D66172FA-E844-4AD3-9087-61FC67F84C2B}.Release|Mixed Platforms.Deploy.0 = Release|Any CPU
		{D66172FA-E844-4AD3-9087-61FC67F84C2B}.Release|x86.ActiveCfg = Release|Any CPU
		{B936E1DE-5C52-42BE-8E09-416B7D762E7B}.Ad-Hoc|Any CPU.ActiveCfg = Release|Any CPU
		{B936E1DE-5C52-42BE-8E09-416B7D762E7B}.Ad-Hoc|Any CPU.Build.0 = Release|Any CPU
		{B936E1DE-5C52-42BE-8E09-416B7D762E7B}.Ad-Hoc|Any CPU.Deploy.0 = Release|Any CPU
		{B936E1DE-5C52-42BE-8E09-416B7D762E7B}.Ad-Hoc|ARM.ActiveCfg = Release|ARM
		{B936E1DE-5C52-42BE-8E09-416B7D762E7B}.Ad-Hoc|ARM.Build.0 = Release|ARM
		{B936E1DE-5C52-42BE-8E09-416B7D762E7B}.Ad-Hoc|ARM.Deploy.0 = Release|ARM
		{B936E1DE-5C52-42BE-8E09-416B7D762E7B}.Ad-Hoc|iPhone.ActiveCfg = Release|Any CPU
		{B936E1DE-5C52-42BE-8E09-416B7D762E7B}.Ad-Hoc|iPhoneSimulator.ActiveCfg = Release|Any CPU
		{B936E1DE-5C52-42BE-8E09-416B7D762E7B}.Ad-Hoc|Mixed Platforms.ActiveCfg = Release|x86
		{B936E1DE-5C52-42BE-8E09-416B7D762E7B}.Ad-Hoc|Mixed Platforms.Build.0 = Release|x86
		{B936E1DE-5C52-42BE-8E09-416B7D762E7B}.Ad-Hoc|Mixed Platforms.Deploy.0 = Release|x86
		{B936E1DE-5C52-42BE-8E09-416B7D762E7B}.Ad-Hoc|x86.ActiveCfg = Release|x86
		{B936E1DE-5C52-42BE-8E09-416B7D762E7B}.Ad-Hoc|x86.Build.0 = Release|x86
		{B936E1DE-5C52-42BE-8E09-416B7D762E7B}.Ad-Hoc|x86.Deploy.0 = Release|x86
		{B936E1DE-5C52-42BE-8E09-416B7D762E7B}.AppStore|Any CPU.ActiveCfg = Release|Any CPU
		{B936E1DE-5C52-42BE-8E09-416B7D762E7B}.AppStore|Any CPU.Build.0 = Release|Any CPU
		{B936E1DE-5C52-42BE-8E09-416B7D762E7B}.AppStore|Any CPU.Deploy.0 = Release|Any CPU
		{B936E1DE-5C52-42BE-8E09-416B7D762E7B}.AppStore|ARM.ActiveCfg = Release|ARM
		{B936E1DE-5C52-42BE-8E09-416B7D762E7B}.AppStore|ARM.Build.0 = Release|ARM
		{B936E1DE-5C52-42BE-8E09-416B7D762E7B}.AppStore|ARM.Deploy.0 = Release|ARM
		{B936E1DE-5C52-42BE-8E09-416B7D762E7B}.AppStore|iPhone.ActiveCfg = Release|Any CPU
		{B936E1DE-5C52-42BE-8E09-416B7D762E7B}.AppStore|iPhoneSimulator.ActiveCfg = Release|Any CPU
		{B936E1DE-5C52-42BE-8E09-416B7D762E7B}.AppStore|Mixed Platforms.ActiveCfg = Release|x86
		{B936E1DE-5C52-42BE-8E09-416B7D762E7B}.AppStore|Mixed Platforms.Build.0 = Release|x86
		{B936E1DE-5C52-42BE-8E09-416B7D762E7B}.AppStore|Mixed Platforms.Deploy.0 = Release|x86
		{B936E1DE-5C52-42BE-8E09-416B7D762E7B}.AppStore|x86.ActiveCfg = Release|x86
		{B936E1DE-5C52-42BE-8E09-416B7D762E7B}.AppStore|x86.Build.0 = Release|x86
		{B936E1DE-5C52-42BE-8E09-416B7D762E7B}.AppStore|x86.Deploy.0 = Release|x86
		{B936E1DE-5C52-42BE-8E09-416B7D762E7B}.Debug|Any CPU.ActiveCfg = Debug|Any CPU
		{B936E1DE-5C52-42BE-8E09-416B7D762E7B}.Debug|Any CPU.Build.0 = Debug|Any CPU
		{B936E1DE-5C52-42BE-8E09-416B7D762E7B}.Debug|Any CPU.Deploy.0 = Debug|Any CPU
		{B936E1DE-5C52-42BE-8E09-416B7D762E7B}.Debug|ARM.ActiveCfg = Debug|ARM
		{B936E1DE-5C52-42BE-8E09-416B7D762E7B}.Debug|ARM.Build.0 = Debug|ARM
		{B936E1DE-5C52-42BE-8E09-416B7D762E7B}.Debug|ARM.Deploy.0 = Debug|ARM
		{B936E1DE-5C52-42BE-8E09-416B7D762E7B}.Debug|iPhone.ActiveCfg = Debug|Any CPU
		{B936E1DE-5C52-42BE-8E09-416B7D762E7B}.Debug|iPhoneSimulator.ActiveCfg = Debug|Any CPU
		{B936E1DE-5C52-42BE-8E09-416B7D762E7B}.Debug|Mixed Platforms.ActiveCfg = Debug|x86
		{B936E1DE-5C52-42BE-8E09-416B7D762E7B}.Debug|Mixed Platforms.Build.0 = Debug|x86
		{B936E1DE-5C52-42BE-8E09-416B7D762E7B}.Debug|Mixed Platforms.Deploy.0 = Debug|x86
		{B936E1DE-5C52-42BE-8E09-416B7D762E7B}.Debug|x86.ActiveCfg = Debug|x86
		{B936E1DE-5C52-42BE-8E09-416B7D762E7B}.Debug|x86.Build.0 = Debug|x86
		{B936E1DE-5C52-42BE-8E09-416B7D762E7B}.Debug|x86.Deploy.0 = Debug|x86
		{B936E1DE-5C52-42BE-8E09-416B7D762E7B}.Release|Any CPU.ActiveCfg = Release|Any CPU
		{B936E1DE-5C52-42BE-8E09-416B7D762E7B}.Release|Any CPU.Build.0 = Release|Any CPU
		{B936E1DE-5C52-42BE-8E09-416B7D762E7B}.Release|Any CPU.Deploy.0 = Release|Any CPU
		{B936E1DE-5C52-42BE-8E09-416B7D762E7B}.Release|ARM.ActiveCfg = Release|ARM
		{B936E1DE-5C52-42BE-8E09-416B7D762E7B}.Release|ARM.Build.0 = Release|ARM
		{B936E1DE-5C52-42BE-8E09-416B7D762E7B}.Release|ARM.Deploy.0 = Release|ARM
		{B936E1DE-5C52-42BE-8E09-416B7D762E7B}.Release|iPhone.ActiveCfg = Release|Any CPU
		{B936E1DE-5C52-42BE-8E09-416B7D762E7B}.Release|iPhoneSimulator.ActiveCfg = Release|Any CPU
		{B936E1DE-5C52-42BE-8E09-416B7D762E7B}.Release|Mixed Platforms.ActiveCfg = Release|x86
		{B936E1DE-5C52-42BE-8E09-416B7D762E7B}.Release|Mixed Platforms.Build.0 = Release|x86
		{B936E1DE-5C52-42BE-8E09-416B7D762E7B}.Release|Mixed Platforms.Deploy.0 = Release|x86
		{B936E1DE-5C52-42BE-8E09-416B7D762E7B}.Release|x86.ActiveCfg = Release|x86
		{B936E1DE-5C52-42BE-8E09-416B7D762E7B}.Release|x86.Build.0 = Release|x86
		{B936E1DE-5C52-42BE-8E09-416B7D762E7B}.Release|x86.Deploy.0 = Release|x86
	EndGlobalSection
	GlobalSection(SolutionProperties) = preSolution
		HideSolutionNode = FALSE
	EndGlobalSection
EndGlobal
